
Microsoft Visual Studio Solution File, Format Version 12.00
# Visual Studio Version 16
VisualStudioVersion = 16.0.30523.141
MinimumVisualStudioVersion = 10.0.40219.1
Project("{FAE04EC0-301F-11D3-BF4B-00C04F79EFBC}") = "MediumQuestion4", "MediumQuestion4\MediumQuestion4.csproj", "{88FFFFCB-50D8-421A-8674-42ECFFBC486A}"
EndProject
Global
	GlobalSection(SolutionConfigurationPlatforms) = preSolution
		Debug|Any CPU = Debug|Any CPU
		Release|Any CPU = Release|Any CPU
	EndGlobalSection
	GlobalSection(ProjectConfigurationPlatforms) = postSolution
		{88FFFFCB-50D8-421A-8674-42ECFFBC486A}.Debug|Any CPU.ActiveCfg = Debug|Any CPU
		{88FFFFCB-50D8-421A-8674-42ECFFBC486A}.Debug|Any CPU.Build.0 = Debug|Any CPU
		{88FFFFCB-50D8-421A-8674-42ECFFBC486A}.Release|Any CPU.ActiveCfg = Release|Any CPU
		{88FFFFCB-50D8-421A-8674-42ECFFBC486A}.Release|Any CPU.Build.0 = Release|Any CPU
	EndGlobalSection
	GlobalSection(SolutionProperties) = preSolution
		HideSolutionNode = FALSE
	EndGlobalSection
	GlobalSection(ExtensibilityGlobals) = postSolution
		SolutionGuid = {656F1928-AE17-4869-85E6-24899B8CCC2E}
	EndGlobalSection
EndGlobal
